
Microsoft Visual Studio Solution File, Format Version 12.00
# Visual Studio Version 17
VisualStudioVersion = 17.9.34714.143
MinimumVisualStudioVersion = 10.0.40219.1
Project("{9A19103F-16F7-4668-BE54-9A1E7A4F7556}") = "NatsExperiments", "NatsExperiments\NatsExperiments.csproj", "{532A64A2-B88E-479F-94A1-F54D33BE870C}"
EndProject
Project("{2150E333-8FDC-42A3-9474-1A3956D46DE8}") = "Solution Items", "Solution Items", "{DDA04B4D-83FF-4393-9FC8-D5D52AE82B4D}"
EndProject
Global
	GlobalSection(SolutionConfigurationPlatforms) = preSolution
		Debug|Any CPU = Debug|Any CPU
		Release|Any CPU = Release|Any CPU
	EndGlobalSection
	GlobalSection(ProjectConfigurationPlatforms) = postSolution
		{532A64A2-B88E-479F-94A1-F54D33BE870C}.Debug|Any CPU.ActiveCfg = Debug|Any CPU
		{532A64A2-B88E-479F-94A1-F54D33BE870C}.Debug|Any CPU.Build.0 = Debug|Any CPU
		{532A64A2-B88E-479F-94A1-F54D33BE870C}.Release|Any CPU.ActiveCfg = Release|Any CPU
		{532A64A2-B88E-479F-94A1-F54D33BE870C}.Release|Any CPU.Build.0 = Release|Any CPU
	EndGlobalSection
	GlobalSection(SolutionProperties) = preSolution
		HideSolutionNode = FALSE
	EndGlobalSection
	GlobalSection(ExtensibilityGlobals) = postSolution
		SolutionGuid = {855E8409-3DED-45F8-AA04-7EA7118C44B6}
	EndGlobalSection
EndGlobal
